Microsoft Visual Studio Solution File, Format Version 12.00
# Visual Studio Version 17
VisualStudioVersion = 17.5.2.0
MinimumVisualStudioVersion = 10.0.40219.1
Project("{2150E333-8FDC-42A3-9474-1A3956D46DE8}") = "OmmerCSharp", "OmmerCSharp", "{03003978-0C33-2498-27DC-295A872D00D7}"
EndProject
Project("{FAE04EC0-301F-11D3-BF4B-00C04F79EFBC}") = "Ommer", "OmmerCSharp\Ommer\Ommer.csproj", "{315CFAF8-5EFF-89C3-9F5E-640517BD1EE6}"
EndProject
Global
	GlobalSection(SolutionConfigurationPlatforms) = preSolution
		Debug|Any CPU = Debug|Any CPU
		Release|Any CPU = Release|Any CPU
	EndGlobalSection
	GlobalSection(ProjectConfigurationPlatforms) = postSolution
		{315CFAF8-5EFF-89C3-9F5E-640517BD1EE6}.Debug|Any CPU.ActiveCfg = Debug|Any CPU
		{315CFAF8-5EFF-89C3-9F5E-640517BD1EE6}.Debug|Any CPU.Build.0 = Debug|Any CPU
		{315CFAF8-5EFF-89C3-9F5E-640517BD1EE6}.Release|Any CPU.ActiveCfg = Release|Any CPU
		{315CFAF8-5EFF-89C3-9F5E-640517BD1EE6}.Release|Any CPU.Build.0 = Release|Any CPU
	EndGlobalSection
	GlobalSection(SolutionProperties) = preSolution
		HideSolutionNode = FALSE
	EndGlobalSection
	GlobalSection(NestedProjects) = preSolution
		{315CFAF8-5EFF-89C3-9F5E-640517BD1EE6} = {03003978-0C33-2498-27DC-295A872D00D7}
	EndGlobalSection
	GlobalSection(ExtensibilityGlobals) = postSolution
		SolutionGuid = {E3C0FFAB-831C-4492-9932-4C6845373CB6}
	EndGlobalSection
EndGlobal
